// !$*UTF8*$!
{
	archiveVersion = 1;
	classes = {
	};
	objectVersion = 55;
	objects = {

/* Begin PBXBuildFile section */
		B50E7C052910B32B0027B56A /* ThumbnailProvider.swift in Sources */ = {isa = PBXBuildFile; fileRef = B50E7C042910B32B0027B56A /* ThumbnailProvider.swift */; };
		B50E8F68291B706B00E64E36 /* NotePreviewController.swift in Sources */ = {isa = PBXBuildFile; fileRef = B50E8F67291B706B00E64E36 /* NotePreviewController.swift */; };
		B50E8F6F291B84A000E64E36 /* EditorViewModel.swift in Sources */ = {isa = PBXBuildFile; fileRef = B50E8F6E291B84A000E64E36 /* EditorViewModel.swift */; };
		B50E8F71291BB12B00E64E36 /* UITextView+Extension.swift in Sources */ = {isa = PBXBuildFile; fileRef = B50E8F70291BB12B00E64E36 /* UITextView+Extension.swift */; };
		B50E8F73291BB14900E64E36 /* UITextField+Extension.swift in Sources */ = {isa = PBXBuildFile; fileRef = B50E8F72291BB14900E64E36 /* UITextField+Extension.swift */; };
		B50E8F75291BB2FB00E64E36 /* CombineWrapper.swift in Sources */ = {isa = PBXBuildFile; fileRef = B50E8F74291BB2FB00E64E36 /* CombineWrapper.swift */; };
		B515D5DF29121EE100072CBC /* BoardListViewController.swift in Sources */ = {isa = PBXBuildFile; fileRef = B515D5DE29121EE100072CBC /* BoardListViewController.swift */; };
		B515D5E82912215400072CBC /* BoardCell.swift in Sources */ = {isa = PBXBuildFile; fileRef = B515D5E62912215400072CBC /* BoardCell.swift */; };
		B515D5E92912215400072CBC /* BoardCell.xib in Resources */ = {isa = PBXBuildFile; fileRef = B515D5E72912215400072CBC /* BoardCell.xib */; };
		B515D5EB29124CC400072CBC /* StorageProvider+Board.swift in Sources */ = {isa = PBXBuildFile; fileRef = B515D5EA29124CC400072CBC /* StorageProvider+Board.swift */; };
		B515D5EF291371D700072CBC /* UserDefaults+Extension.swift in Sources */ = {isa = PBXBuildFile; fileRef = B515D5EE291371D700072CBC /* UserDefaults+Extension.swift */; };
		B51968C3291CB90F003CBDD0 /* UTType+Extension.swift in Sources */ = {isa = PBXBuildFile; fileRef = B51968C2291CB90F003CBDD0 /* UTType+Extension.swift */; };
		B51968C4291CBA38003CBDD0 /* UTType+Extension.swift in Sources */ = {isa = PBXBuildFile; fileRef = B51968C2291CB90F003CBDD0 /* UTType+Extension.swift */; };
		B52203EB290F9A9A00F2224B /* StorageProvider+Item.swift in Sources */ = {isa = PBXBuildFile; fileRef = B52203EA290F9A9A00F2224B /* StorageProvider+Item.swift */; };
		B52203F1290FC74100F2224B /* CardItemCell.swift in Sources */ = {isa = PBXBuildFile; fileRef = B52203EF290FC74100F2224B /* CardItemCell.swift */; };
		B52203F2290FC74100F2224B /* CardItemCell.xib in Resources */ = {isa = PBXBuildFile; fileRef = B52203F0290FC74100F2224B /* CardItemCell.xib */; };
		B52203F5290FCA2200F2224B /* UICollectionViewCell+Extension.swift in Sources */ = {isa = PBXBuildFile; fileRef = B52203F4290FCA2200F2224B /* UICollectionViewCell+Extension.swift */; };
		B52203F729101C7100F2224B /* DateFormatter+Extension.swift in Sources */ = {isa = PBXBuildFile; fileRef = B52203F629101C7100F2224B /* DateFormatter+Extension.swift */; };
		B523E93629164B4F00180B36 /* ShareViewController.swift in Sources */ = {isa = PBXBuildFile; fileRef = B523E93529164B4F00180B36 /* ShareViewController.swift */; };
		B523E93929164B4F00180B36 /* MainInterface.storyboard in Resources */ = {isa = PBXBuildFile; fileRef = B523E93729164B4F00180B36 /* MainInterface.storyboard */; };
		B523E93D29164B4F00180B36 /* ShareExtension.appex in Embed Foundation Extensions */ = {isa = PBXBuildFile; fileRef = B523E93329164B4F00180B36 /* ShareExtension.appex */; settings = {ATTRIBUTES = (RemoveHeadersOnCopy, ); }; };
		B538E9E32910255100DF5DEB /* EditorViewController.swift in Sources */ = {isa = PBXBuildFile; fileRef = B538E9E22910255100DF5DEB /* EditorViewController.swift */; };
		B538E9E62910277300DF5DEB /* UIStoryboard+Extension.swift in Sources */ = {isa = PBXBuildFile; fileRef = B538E9E52910277300DF5DEB /* UIStoryboard+Extension.swift */; };
		B559BE542914FACF00F342C1 /* StorageHistoryManager.swift in Sources */ = {isa = PBXBuildFile; fileRef = B559BE532914FACF00F342C1 /* StorageHistoryManager.swift */; };
		B573118D2913B0F000AD129F /* UserDefault.swift in Sources */ = {isa = PBXBuildFile; fileRef = B573118C2913B0F000AD129F /* UserDefault.swift */; };
		B5B64E062917A52A002183FA /* ItemManager.swift in Sources */ = {isa = PBXBuildFile; fileRef = B5B64E052917A52A002183FA /* ItemManager.swift */; };
		B5B64E072917BB95002183FA /* ItemManager.swift in Sources */ = {isa = PBXBuildFile; fileRef = B5B64E052917A52A002183FA /* ItemManager.swift */; };
		B5B64E082917BBA0002183FA /* ThumbnailProvider.swift in Sources */ = {isa = PBXBuildFile; fileRef = B50E7C042910B32B0027B56A /* ThumbnailProvider.swift */; };
		B5B64E092917BBC6002183FA /* DateFormatter+Extension.swift in Sources */ = {isa = PBXBuildFile; fileRef = B52203F629101C7100F2224B /* DateFormatter+Extension.swift */; };
		B5D6C12B29174BA90050A3E0 /* StorageProvider.swift in Sources */ = {isa = PBXBuildFile; fileRef = B5E50E17290F72F2006A7B22 /* StorageProvider.swift */; };
		B5D6C12C29174BB90050A3E0 /* StorageHistoryManager.swift in Sources */ = {isa = PBXBuildFile; fileRef = B559BE532914FACF00F342C1 /* StorageHistoryManager.swift */; };
		B5D6C12D29174BC60050A3E0 /* UserDefaults+Extension.swift in Sources */ = {isa = PBXBuildFile; fileRef = B515D5EE291371D700072CBC /* UserDefaults+Extension.swift */; };
		B5D6C12E29174BD00050A3E0 /* UserDefault.swift in Sources */ = {isa = PBXBuildFile; fileRef = B573118C2913B0F000AD129F /* UserDefault.swift */; };
		B5D6C12F29174C010050A3E0 /* StorageProvider+Item.swift in Sources */ = {isa = PBXBuildFile; fileRef = B52203EA290F9A9A00F2224B /* StorageProvider+Item.swift */; };
		B5D6C13029174C150050A3E0 /* Collection.xcdatamodeld in Sources */ = {isa = PBXBuildFile; fileRef = B5E50E02290BDF16006A7B22 /* Collection.xcdatamodeld */; };
		B5D6C13129179C5F0050A3E0 /* CoreDataHelper.swift in Sources */ = {isa = PBXBuildFile; fileRef = B5E50E19290F7A31006A7B22 /* CoreDataHelper.swift */; };
		B5E50DFA290BDF16006A7B22 /* AppDelegate.swift in Sources */ = {isa = PBXBuildFile; fileRef = B5E50DF9290BDF16006A7B22 /* AppDelegate.swift */; };
		B5E50DFC290BDF16006A7B22 /* SceneDelegate.swift in Sources */ = {isa = PBXBuildFile; fileRef = B5E50DFB290BDF16006A7B22 /* SceneDelegate.swift */; };
		B5E50DFE290BDF16006A7B22 /* ItemListViewController.swift in Sources */ = {isa = PBXBuildFile; fileRef = B5E50DFD290BDF16006A7B22 /* ItemListViewController.swift */; };
		B5E50E01290BDF16006A7B22 /* Main.storyboard in Resources */ = {isa = PBXBuildFile; fileRef = B5E50DFF290BDF16006A7B22 /* Main.storyboard */; };
		B5E50E04290BDF16006A7B22 /* Collection.xcdatamodeld in Sources */ = {isa = PBXBuildFile; fileRef = B5E50E02290BDF16006A7B22 /* Collection.xcdatamodeld */; };
		B5E50E06290BDF17006A7B22 /* Assets.xcassets in Resources */ = {isa = PBXBuildFile; fileRef = B5E50E05290BDF17006A7B22 /* Assets.xcassets */; };
		B5E50E09290BDF17006A7B22 /* LaunchScreen.storyboard in Resources */ = {isa = PBXBuildFile; fileRef = B5E50E07290BDF17006A7B22 /* LaunchScreen.storyboard */; };
		B5E50E18290F72F2006A7B22 /* StorageProvider.swift in Sources */ = {isa = PBXBuildFile; fileRef = B5E50E17290F72F2006A7B22 /* StorageProvider.swift */; };
		B5E50E1A290F7A31006A7B22 /* CoreDataHelper.swift in Sources */ = {isa = PBXBuildFile; fileRef = B5E50E19290F7A31006A7B22 /* CoreDataHelper.swift */; };
		B5F72D2929111859007B4B06 /* CloudKit.framework in Frameworks */ = {isa = PBXBuildFile; fileRef = B5F72D2829111859007B4B06 /* CloudKit.framework */; };
/* End PBXBuildFile section */

/* Begin PBXContainerItemProxy section */
		B523E93B29164B4F00180B36 /* PBXContainerItemProxy */ = {
			isa = PBXContainerItemProxy;
			containerPortal = B5E50DEE290BDF16006A7B22 /* Project object */;
			proxyType = 1;
			remoteGlobalIDString = B523E93229164B4F00180B36;
			remoteInfo = ShareExtension;
		};
/* End PBXContainerItemProxy section */

/* Begin PBXCopyFilesBuildPhase section */
		B523E94129164B4F00180B36 /* Embed Foundation Extensions */ = {
			isa = PBXCopyFilesBuildPhase;
			buildActionMask = 2147483647;
			dstPath = "";
			dstSubfolderSpec = 13;
			files = (
				B523E93D29164B4F00180B36 /* ShareExtension.appex in Embed Foundation Extensions */,
			);
			name = "Embed Foundation Extensions";
			runOnlyForDeploymentPostprocessing = 0;
		};
/* End PBXCopyFilesBuildPhase section */

/* Begin PBXFileReference section */
		B50E7C042910B32B0027B56A /* ThumbnailProvider.swift */ = {isa = PBXFileReference; lastKnownFileType = sourcecode.swift; path = ThumbnailProvider.swift; sourceTree = "<group>"; };
		B50E8F67291B706B00E64E36 /* NotePreviewController.swift */ = {isa = PBXFileReference; lastKnownFileType = sourcecode.swift; path = NotePreviewController.swift; sourceTree = "<group>"; };
		B50E8F6E291B84A000E64E36 /* EditorViewModel.swift */ = {isa = PBXFileReference; lastKnownFileType = sourcecode.swift; path = EditorViewModel.swift; sourceTree = "<group>"; };
		B50E8F70291BB12B00E64E36 /* UITextView+Extension.swift */ = {isa = PBXFileReference; lastKnownFileType = sourcecode.swift; path = "UITextView+Extension.swift"; sourceTree = "<group>"; };
		B50E8F72291BB14900E64E36 /* UITextField+Extension.swift */ = {isa = PBXFileReference; lastKnownFileType = sourcecode.swift; path = "UITextField+Extension.swift"; sourceTree = "<group>"; };
		B50E8F74291BB2FB00E64E36 /* CombineWrapper.swift */ = {isa = PBXFileReference; lastKnownFileType = sourcecode.swift; path = CombineWrapper.swift; sourceTree = "<group>"; };
		B515D5DE29121EE100072CBC /* BoardListViewController.swift */ = {isa = PBXFileReference; lastKnownFileType = sourcecode.swift; path = BoardListViewController.swift; sourceTree = "<group>"; };
		B515D5E62912215400072CBC /* BoardCell.swift */ = {isa = PBXFileReference; lastKnownFileType = sourcecode.swift; path = BoardCell.swift; sourceTree = "<group>"; };
		B515D5E72912215400072CBC /* BoardCell.xib */ = {isa = PBXFileReference; lastKnownFileType = file.xib; path = BoardCell.xib; sourceTree = "<group>"; };
		B515D5EA29124CC400072CBC /* StorageProvider+Board.swift */ = {isa = PBXFileReference; lastKnownFileType = sourcecode.swift; path = "StorageProvider+Board.swift"; sourceTree = "<group>"; };
		B515D5EE291371D700072CBC /* UserDefaults+Extension.swift */ = {isa = PBXFileReference; lastKnownFileType = sourcecode.swift; path = "UserDefaults+Extension.swift"; sourceTree = "<group>"; };
		B51968C2291CB90F003CBDD0 /* UTType+Extension.swift */ = {isa = PBXFileReference; lastKnownFileType = sourcecode.swift; path = "UTType+Extension.swift"; sourceTree = "<group>"; };
		B52203EA290F9A9A00F2224B /* StorageProvider+Item.swift */ = {isa = PBXFileReference; lastKnownFileType = sourcecode.swift; path = "StorageProvider+Item.swift"; sourceTree = "<group>"; };
		B52203EF290FC74100F2224B /* CardItemCell.swift */ = {isa = PBXFileReference; lastKnownFileType = sourcecode.swift; path = CardItemCell.swift; sourceTree = "<group>"; };
		B52203F0290FC74100F2224B /* CardItemCell.xib */ = {isa = PBXFileReference; lastKnownFileType = file.xib; path = CardItemCell.xib; sourceTree = "<group>"; };
		B52203F4290FCA2200F2224B /* UICollectionViewCell+Extension.swift */ = {isa = PBXFileReference; lastKnownFileType = sourcecode.swift; path = "UICollectionViewCell+Extension.swift"; sourceTree = "<group>"; };
		B52203F629101C7100F2224B /* DateFormatter+Extension.swift */ = {isa = PBXFileReference; lastKnownFileType = sourcecode.swift; path = "DateFormatter+Extension.swift"; sourceTree = "<group>"; };
		B523E93329164B4F00180B36 /* ShareExtension.appex */ = {isa = PBXFileReference; explicitFileType = "wrapper.app-extension"; includeInIndex = 0; path = ShareExtension.appex; sourceTree = BUILT_PRODUCTS_DIR; };
		B523E93529164B4F00180B36 /* ShareViewController.swift */ = {isa = PBXFileReference; lastKnownFileType = sourcecode.swift; path = ShareViewController.swift; sourceTree = "<group>"; };
		B523E93829164B4F00180B36 /* Base */ = {isa = PBXFileReference; lastKnownFileType = file.storyboard; name = Base; path = Base.lproj/MainInterface.storyboard; sourceTree = "<group>"; };
		B523E93A29164B4F00180B36 /* Info.plist */ = {isa = PBXFileReference; lastKnownFileType = text.plist.xml; path = Info.plist; sourceTree = "<group>"; };
		B538E9E22910255100DF5DEB /* EditorViewController.swift */ = {isa = PBXFileReference; lastKnownFileType = sourcecode.swift; name = EditorViewController.swift; path = Collection/View/EditorViewController.swift; sourceTree = SOURCE_ROOT; };
		B538E9E52910277300DF5DEB /* UIStoryboard+Extension.swift */ = {isa = PBXFileReference; lastKnownFileType = sourcecode.swift; path = "UIStoryboard+Extension.swift"; sourceTree = "<group>"; };
		B559BE532914FACF00F342C1 /* StorageHistoryManager.swift */ = {isa = PBXFileReference; lastKnownFileType = sourcecode.swift; path = StorageHistoryManager.swift; sourceTree = "<group>"; };
		B573118C2913B0F000AD129F /* UserDefault.swift */ = {isa = PBXFileReference; lastKnownFileType = sourcecode.swift; path = UserDefault.swift; sourceTree = "<group>"; };
		B5B64E052917A52A002183FA /* ItemManager.swift */ = {isa = PBXFileReference; lastKnownFileType = sourcecode.swift; path = ItemManager.swift; sourceTree = "<group>"; };
		B5D6C12A2916ACAF0050A3E0 /* ShareExtension.entitlements */ = {isa = PBXFileReference; lastKnownFileType = text.plist.entitlements; path = ShareExtension.entitlements; sourceTree = "<group>"; };
		B5E50DF6290BDF16006A7B22 /* Collection.app */ = {isa = PBXFileReference; explicitFileType = wrapper.application; includeInIndex = 0; path = Collection.app; sourceTree = BUILT_PRODUCTS_DIR; };
		B5E50DF9290BDF16006A7B22 /* AppDelegate.swift */ = {isa = PBXFileReference; lastKnownFileType = sourcecode.swift; path = AppDelegate.swift; sourceTree = "<group>"; };
		B5E50DFB290BDF16006A7B22 /* SceneDelegate.swift */ = {isa = PBXFileReference; lastKnownFileType = sourcecode.swift; path = SceneDelegate.swift; sourceTree = "<group>"; };
		B5E50DFD290BDF16006A7B22 /* ItemListViewController.swift */ = {isa = PBXFileReference; lastKnownFileType = sourcecode.swift; path = ItemListViewController.swift; sourceTree = "<group>"; };
		B5E50E00290BDF16006A7B22 /* Base */ = {isa = PBXFileReference; lastKnownFileType = file.storyboard; name = Base; path = Base.lproj/Main.storyboard; sourceTree = "<group>"; };
		B5E50E03290BDF16006A7B22 /* Collection.xcdatamodel */ = {isa = PBXFileReference; lastKnownFileType = wrapper.xcdatamodel; path = Collection.xcdatamodel; sourceTree = "<group>"; };
		B5E50E05290BDF17006A7B22 /* Assets.xcassets */ = {isa = PBXFileReference; lastKnownFileType = folder.assetcatalog; path = Assets.xcassets; sourceTree = "<group>"; };
		B5E50E08290BDF17006A7B22 /* Base */ = {isa = PBXFileReference; lastKnownFileType = file.storyboard; name = Base; path = Base.lproj/LaunchScreen.storyboard; sourceTree = "<group>"; };
		B5E50E0A290BDF17006A7B22 /* Info.plist */ = {isa = PBXFileReference; lastKnownFileType = text.plist.xml; path = Info.plist; sourceTree = "<group>"; };
		B5E50E17290F72F2006A7B22 /* StorageProvider.swift */ = {isa = PBXFileReference; lastKnownFileType = sourcecode.swift; path = StorageProvider.swift; sourceTree = "<group>"; };
		B5E50E19290F7A31006A7B22 /* CoreDataHelper.swift */ = {isa = PBXFileReference; lastKnownFileType = sourcecode.swift; path = CoreDataHelper.swift; sourceTree = "<group>"; };
		B5F72D2629111852007B4B06 /* Collection.entitlements */ = {isa = PBXFileReference; lastKnownFileType = text.plist.entitlements; path = Collection.entitlements; sourceTree = "<group>"; };
		B5F72D2829111859007B4B06 /* CloudKit.framework */ = {isa = PBXFileReference; lastKnownFileType = wrapper.framework; name = CloudKit.framework; path = System/Library/Frameworks/CloudKit.framework; sourceTree = SDKROOT; };
/* End PBXFileReference section */

/* Begin PBXFrameworksBuildPhase section */
		B523E93029164B4F00180B36 /* Frameworks */ = {
			isa = PBXFrameworksBuildPhase;
			buildActionMask = 2147483647;
			files = (
			);
			runOnlyForDeploymentPostprocessing = 0;
		};
		B5E50DF3290BDF16006A7B22 /* Frameworks */ = {
			isa = PBXFrameworksBuildPhase;
			buildActionMask = 2147483647;
			files = (
				B5F72D2929111859007B4B06 /* CloudKit.framework in Frameworks */,
			);
			runOnlyForDeploymentPostprocessing = 0;
		};
/* End PBXFrameworksBuildPhase section */

/* Begin PBXGroup section */
		B50E7C032910B28E0027B56A /* Model */ = {
			isa = PBXGroup;
			children = (
				B573118C2913B0F000AD129F /* UserDefault.swift */,
			);
			path = Model;
			sourceTree = "<group>";
		};
		B50E8F66291B6E4000E64E36 /* Preview */ = {
			isa = PBXGroup;
			children = (
				B50E8F67291B706B00E64E36 /* NotePreviewController.swift */,
			);
			name = Preview;
			sourceTree = "<group>";
		};
		B50E8F6D291B848E00E64E36 /* ViewModel */ = {
			isa = PBXGroup;
			children = (
				B50E8F6E291B84A000E64E36 /* EditorViewModel.swift */,
			);
			path = ViewModel;
			sourceTree = "<group>";
		};
		B515D5DD29121EB300072CBC /* BoardList */ = {
			isa = PBXGroup;
			children = (
				B515D5DE29121EE100072CBC /* BoardListViewController.swift */,
				B515D5E02912210300072CBC /* Cells */,
			);
			name = BoardList;
			path = ItemList;
			sourceTree = "<group>";
		};
		B515D5E02912210300072CBC /* Cells */ = {
			isa = PBXGroup;
			children = (
				B515D5E62912215400072CBC /* BoardCell.swift */,
				B515D5E72912215400072CBC /* BoardCell.xib */,
			);
			path = Cells;
			sourceTree = "<group>";
		};
		B52203EE290FC72B00F2224B /* Cells */ = {
			isa = PBXGroup;
			children = (
				B52203EF290FC74100F2224B /* CardItemCell.swift */,
				B52203F0290FC74100F2224B /* CardItemCell.xib */,
			);
			name = Cells;
			sourceTree = "<group>";
		};
		B52203F3290FC99900F2224B /* Extension */ = {
			isa = PBXGroup;
			children = (
				B52203F629101C7100F2224B /* DateFormatter+Extension.swift */,
				B52203F4290FCA2200F2224B /* UICollectionViewCell+Extension.swift */,
				B538E9E52910277300DF5DEB /* UIStoryboard+Extension.swift */,
				B50E8F72291BB14900E64E36 /* UITextField+Extension.swift */,
				B50E8F70291BB12B00E64E36 /* UITextView+Extension.swift */,
				B515D5EE291371D700072CBC /* UserDefaults+Extension.swift */,
				B51968C2291CB90F003CBDD0 /* UTType+Extension.swift */,
			);
			path = Extension;
			sourceTree = "<group>";
		};
		B523E93429164B4F00180B36 /* ShareExtension */ = {
			isa = PBXGroup;
			children = (
				B5D6C12A2916ACAF0050A3E0 /* ShareExtension.entitlements */,
				B523E93529164B4F00180B36 /* ShareViewController.swift */,
				B523E93729164B4F00180B36 /* MainInterface.storyboard */,
				B523E93A29164B4F00180B36 /* Info.plist */,
			);
			path = ShareExtension;
			sourceTree = "<group>";
		};
		B538E9E42910255800DF5DEB /* Editor */ = {
			isa = PBXGroup;
			children = (
				B538E9E22910255100DF5DEB /* EditorViewController.swift */,
			);
			name = Editor;
			sourceTree = "<group>";
		};
		B573118B2913AE8B00AD129F /* Utility */ = {
			isa = PBXGroup;
			children = (
				B5B64E052917A52A002183FA /* ItemManager.swift */,
				B50E7C042910B32B0027B56A /* ThumbnailProvider.swift */,
			);
			path = Utility;
			sourceTree = "<group>";
		};
		B5E50DED290BDF16006A7B22 = {
			isa = PBXGroup;
			children = (
				B5E50DF8290BDF16006A7B22 /* Collection */,
				B523E93429164B4F00180B36 /* ShareExtension */,
				B5F72D2729111859007B4B06 /* Frameworks */,
				B5E50DF7290BDF16006A7B22 /* Products */,
			);
			sourceTree = "<group>";
		};
		B5E50DF7290BDF16006A7B22 /* Products */ = {
			isa = PBXGroup;
			children = (
				B5E50DF6290BDF16006A7B22 /* Collection.app */,
				B523E93329164B4F00180B36 /* ShareExtension.appex */,
			);
			name = Products;
			sourceTree = "<group>";
		};
		B5E50DF8290BDF16006A7B22 /* Collection */ = {
			isa = PBXGroup;
			children = (
				B5E50E11290F6DF0006A7B22 /* Application */,
				B5E50E12290F6E08006A7B22 /* View */,
				B50E8F6D291B848E00E64E36 /* ViewModel */,
				B50E7C032910B28E0027B56A /* Model */,
				B5E50E16290F6F07006A7B22 /* Storage */,
				B573118B2913AE8B00AD129F /* Utility */,
				B52203F3290FC99900F2224B /* Extension */,
				B5E50E15290F6E94006A7B22 /* Resource */,
				B5E50E0A290BDF17006A7B22 /* Info.plist */,
			);
			path = Collection;
			sourceTree = "<group>";
		};
		B5E50E11290F6DF0006A7B22 /* Application */ = {
			isa = PBXGroup;
			children = (
				B5E50DF9290BDF16006A7B22 /* AppDelegate.swift */,
				B5E50DFB290BDF16006A7B22 /* SceneDelegate.swift */,
			);
			path = Application;
			sourceTree = "<group>";
		};
		B5E50E12290F6E08006A7B22 /* View */ = {
			isa = PBXGroup;
			children = (
				B515D5DD29121EB300072CBC /* BoardList */,
				B538E9E42910255800DF5DEB /* Editor */,
				B5E50E13290F6E11006A7B22 /* ItemList */,
				B5E50E07290BDF17006A7B22 /* LaunchScreen.storyboard */,
				B5E50DFF290BDF16006A7B22 /* Main.storyboard */,
			);
			path = View;
			sourceTree = "<group>";
		};
		B5E50E13290F6E11006A7B22 /* ItemList */ = {
			isa = PBXGroup;
			children = (
				B5E50DFD290BDF16006A7B22 /* ItemListViewController.swift */,
				B52203EE290FC72B00F2224B /* Cells */,
				B50E8F66291B6E4000E64E36 /* Preview */,
			);
			path = ItemList;
			sourceTree = "<group>";
		};
		B5E50E15290F6E94006A7B22 /* Resource */ = {
			isa = PBXGroup;
			children = (
				B5E50E05290BDF17006A7B22 /* Assets.xcassets */,
				B5F72D2629111852007B4B06 /* Collection.entitlements */,
				B50E8F74291BB2FB00E64E36 /* CombineWrapper.swift */,
			);
			path = Resource;
			sourceTree = "<group>";
		};
		B5E50E16290F6F07006A7B22 /* Storage */ = {
			isa = PBXGroup;
			children = (
				B5E50E02290BDF16006A7B22 /* Collection.xcdatamodeld */,
				B5E50E19290F7A31006A7B22 /* CoreDataHelper.swift */,
				B559BE532914FACF00F342C1 /* StorageHistoryManager.swift */,
				B5E50E17290F72F2006A7B22 /* StorageProvider.swift */,
				B515D5EA29124CC400072CBC /* StorageProvider+Board.swift */,
				B52203EA290F9A9A00F2224B /* StorageProvider+Item.swift */,
			);
			path = Storage;
			sourceTree = "<group>";
		};
		B5F72D2729111859007B4B06 /* Frameworks */ = {
			isa = PBXGroup;
			children = (
				B5F72D2829111859007B4B06 /* CloudKit.framework */,
			);
			name = Frameworks;
			sourceTree = "<group>";
		};
/* End PBXGroup section */

/* Begin PBXNativeTarget section */
		B523E93229164B4F00180B36 /* ShareExtension */ = {
			isa = PBXNativeTarget;
			buildConfigurationList = B523E93E29164B4F00180B36 /* Build configuration list for PBXNativeTarget "ShareExtension" */;
			buildPhases = (
				B523E92F29164B4F00180B36 /* Sources */,
				B523E93029164B4F00180B36 /* Frameworks */,
				B523E93129164B4F00180B36 /* Resources */,
			);
			buildRules = (
			);
			dependencies = (
			);
			name = ShareExtension;
			productName = ShareExtension;
			productReference = B523E93329164B4F00180B36 /* ShareExtension.appex */;
			productType = "com.apple.product-type.app-extension";
		};
		B5E50DF5290BDF16006A7B22 /* Collection */ = {
			isa = PBXNativeTarget;
			buildConfigurationList = B5E50E0D290BDF17006A7B22 /* Build configuration list for PBXNativeTarget "Collection" */;
			buildPhases = (
				B5E50DF2290BDF16006A7B22 /* Sources */,
				B5E50DF3290BDF16006A7B22 /* Frameworks */,
				B5E50DF4290BDF16006A7B22 /* Resources */,
				B5E50E10290BE038006A7B22 /* ShellScript */,
				B523E94129164B4F00180B36 /* Embed Foundation Extensions */,
			);
			buildRules = (
			);
			dependencies = (
				B523E93C29164B4F00180B36 /* PBXTargetDependency */,
			);
			name = Collection;
			productName = Collection;
			productReference = B5E50DF6290BDF16006A7B22 /* Collection.app */;
			productType = "com.apple.product-type.application";
		};
/* End PBXNativeTarget section */

/* Begin PBXProject section */
		B5E50DEE290BDF16006A7B22 /* Project object */ = {
			isa = PBXProject;
			attributes = {
				BuildIndependentTargetsInParallel = 1;
				LastSwiftUpdateCheck = 1410;
				LastUpgradeCheck = 1340;
				TargetAttributes = {
					B523E93229164B4F00180B36 = {
						CreatedOnToolsVersion = 14.1;
					};
					B5E50DF5290BDF16006A7B22 = {
						CreatedOnToolsVersion = 13.4.1;
					};
				};
			};
			buildConfigurationList = B5E50DF1290BDF16006A7B22 /* Build configuration list for PBXProject "Collection" */;
			compatibilityVersion = "Xcode 13.0";
			developmentRegion = en;
			hasScannedForEncodings = 0;
			knownRegions = (
				en,
				Base,
			);
			mainGroup = B5E50DED290BDF16006A7B22;
			productRefGroup = B5E50DF7290BDF16006A7B22 /* Products */;
			projectDirPath = "";
			projectRoot = "";
			targets = (
				B5E50DF5290BDF16006A7B22 /* Collection */,
				B523E93229164B4F00180B36 /* ShareExtension */,
			);
		};
/* End PBXProject section */

/* Begin PBXResourcesBuildPhase section */
		B523E93129164B4F00180B36 /* Resources */ = {
			isa = PBXResourcesBuildPhase;
			buildActionMask = 2147483647;
			files = (
				B523E93929164B4F00180B36 /* MainInterface.storyboard in Resources */,
			);
			runOnlyForDeploymentPostprocessing = 0;
		};
		B5E50DF4290BDF16006A7B22 /* Resources */ = {
			isa = PBXResourcesBuildPhase;
			buildActionMask = 2147483647;
			files = (
				B5E50E09290BDF17006A7B22 /* LaunchScreen.storyboard in Resources */,
				B5E50E06290BDF17006A7B22 /* Assets.xcassets in Resources */,
				B52203F2290FC74100F2224B /* CardItemCell.xib in Resources */,
				B515D5E92912215400072CBC /* BoardCell.xib in Resources */,
				B5E50E01290BDF16006A7B22 /* Main.storyboard in Resources */,
			);
			runOnlyForDeploymentPostprocessing = 0;
		};
/* End PBXResourcesBuildPhase section */

/* Begin PBXShellScriptBuildPhase section */
		B5E50E10290BE038006A7B22 /* ShellScript */ = {
			isa = PBXShellScriptBuildPhase;
			alwaysOutOfDate = 1;
			buildActionMask = 2147483647;
			files = (
			);
			inputFileListPaths = (
			);
			inputPaths = (
			);
			outputFileListPaths = (
			);
			outputPaths = (
			);
			runOnlyForDeploymentPostprocessing = 0;
			shellPath = /bin/sh;
			shellScript = "if which swiftlint >/dev/null; then\n  swiftlint --no-cache\nelse\n  echo \"warning: SwiftLint not installed, download from https://github.com/realm/SwiftLint\"\nfi\n";
		};
/* End PBXShellScriptBuildPhase section */

/* Begin PBXSourcesBuildPhase section */
		B523E92F29164B4F00180B36 /* Sources */ = {
			isa = PBXSourcesBuildPhase;
			buildActionMask = 2147483647;
			files = (
				B51968C4291CBA38003CBDD0 /* UTType+Extension.swift in Sources */,
				B5D6C13029174C150050A3E0 /* Collection.xcdatamodeld in Sources */,
				B5D6C12B29174BA90050A3E0 /* StorageProvider.swift in Sources */,
				B5D6C13129179C5F0050A3E0 /* CoreDataHelper.swift in Sources */,
				B523E93629164B4F00180B36 /* ShareViewController.swift in Sources */,
				B5D6C12E29174BD00050A3E0 /* UserDefault.swift in Sources */,
				B5D6C12F29174C010050A3E0 /* StorageProvider+Item.swift in Sources */,
				B5D6C12D29174BC60050A3E0 /* UserDefaults+Extension.swift in Sources */,
				B5D6C12C29174BB90050A3E0 /* StorageHistoryManager.swift in Sources */,
				B5B64E072917BB95002183FA /* ItemManager.swift in Sources */,
				B5B64E092917BBC6002183FA /* DateFormatter+Extension.swift in Sources */,
				B5B64E082917BBA0002183FA /* ThumbnailProvider.swift in Sources */,
			);
			runOnlyForDeploymentPostprocessing = 0;
		};
		B5E50DF2290BDF16006A7B22 /* Sources */ = {
			isa = PBXSourcesBuildPhase;
			buildActionMask = 2147483647;
			files = (
				B51968C3291CB90F003CBDD0 /* UTType+Extension.swift in Sources */,
				B50E7C052910B32B0027B56A /* ThumbnailProvider.swift in Sources */,
				B52203F5290FCA2200F2224B /* UICollectionViewCell+Extension.swift in Sources */,
				B515D5E82912215400072CBC /* BoardCell.swift in Sources */,
				B559BE542914FACF00F342C1 /* StorageHistoryManager.swift in Sources */,
				B5E50E1A290F7A31006A7B22 /* CoreDataHelper.swift in Sources */,
				B538E9E62910277300DF5DEB /* UIStoryboard+Extension.swift in Sources */,
				B5E50DFE290BDF16006A7B22 /* ItemListViewController.swift in Sources */,
				B5E50DFA290BDF16006A7B22 /* AppDelegate.swift in Sources */,
				B538E9E32910255100DF5DEB /* EditorViewController.swift in Sources */,
				B50E8F71291BB12B00E64E36 /* UITextView+Extension.swift in Sources */,
				B50E8F75291BB2FB00E64E36 /* CombineWrapper.swift in Sources */,
				B52203F729101C7100F2224B /* DateFormatter+Extension.swift in Sources */,
				B5E50DFC290BDF16006A7B22 /* SceneDelegate.swift in Sources */,
				B50E8F6F291B84A000E64E36 /* EditorViewModel.swift in Sources */,
				B5B64E062917A52A002183FA /* ItemManager.swift in Sources */,
				B5E50E04290BDF16006A7B22 /* Collection.xcdatamodeld in Sources */,
				B5E50E18290F72F2006A7B22 /* StorageProvider.swift in Sources */,
				B515D5EB29124CC400072CBC /* StorageProvider+Board.swift in Sources */,
				B515D5DF29121EE100072CBC /* BoardListViewController.swift in Sources */,
				B52203F1290FC74100F2224B /* CardItemCell.swift in Sources */,
				B573118D2913B0F000AD129F /* UserDefault.swift in Sources */,
				B515D5EF291371D700072CBC /* UserDefaults+Extension.swift in Sources */,
				B50E8F73291BB14900E64E36 /* UITextField+Extension.swift in Sources */,
				B50E8F68291B706B00E64E36 /* NotePreviewController.swift in Sources */,
				B52203EB290F9A9A00F2224B /* StorageProvider+Item.swift in Sources */,
			);
			runOnlyForDeploymentPostprocessing = 0;
		};
/* End PBXSourcesBuildPhase section */

/* Begin PBXTargetDependency section */
		B523E93C29164B4F00180B36 /* PBXTargetDependency */ = {
			isa = PBXTargetDependency;
			target = B523E93229164B4F00180B36 /* ShareExtension */;
			targetProxy = B523E93B29164B4F00180B36 /* PBXContainerItemProxy */;
		};
/* End PBXTargetDependency section */

/* Begin PBXVariantGroup section */
		B523E93729164B4F00180B36 /* MainInterface.storyboard */ = {
			isa = PBXVariantGroup;
			children = (
				B523E93829164B4F00180B36 /* Base */,
			);
			name = MainInterface.storyboard;
			sourceTree = "<group>";
		};
		B5E50DFF290BDF16006A7B22 /* Main.storyboard */ = {
			isa = PBXVariantGroup;
			children = (
				B5E50E00290BDF16006A7B22 /* Base */,
			);
			name = Main.storyboard;
			sourceTree = "<group>";
		};
		B5E50E07290BDF17006A7B22 /* LaunchScreen.storyboard */ = {
			isa = PBXVariantGroup;
			children = (
				B5E50E08290BDF17006A7B22 /* Base */,
			);
			name = LaunchScreen.storyboard;
			sourceTree = "<group>";
		};
/* End PBXVariantGroup section */

/* Begin XCBuildConfiguration section */
		B523E93F29164B4F00180B36 /* Debug */ = {
			isa = XCBuildConfiguration;
			buildSettings = {
				CLANG_CXX_LANGUAGE_STANDARD = "gnu++20";
				CODE_SIGN_ENTITLEMENTS = ShareExtension/ShareExtension.entitlements;
				CODE_SIGN_IDENTITY = "Apple Development";
				CODE_SIGN_STYLE = Automatic;
				CURRENT_PROJECT_VERSION = 1;
				DEVELOPMENT_TEAM = 67T366536F;
				GENERATE_INFOPLIST_FILE = YES;
				INFOPLIST_FILE = ShareExtension/Info.plist;
				INFOPLIST_KEY_CFBundleDisplayName = ShareExtension;
				INFOPLIST_KEY_NSHumanReadableCopyright = "";
				IPHONEOS_DEPLOYMENT_TARGET = 15.0;
				LD_RUNPATH_SEARCH_PATHS = (
					"$(inherited)",
					"@executable_path/Frameworks",
					"@executable_path/../../Frameworks",
				);
				MARKETING_VERSION = 0.1.0;
				PRODUCT_BUNDLE_IDENTIFIER = com.yhchen.Collection.ShareExtension;
				PRODUCT_NAME = "$(TARGET_NAME)";
				SKIP_INSTALL = YES;
				SWIFT_ACTIVE_COMPILATION_CONDITIONS = "DEBUG ShareExtension";
				SWIFT_EMIT_LOC_STRINGS = YES;
				SWIFT_VERSION = 5.0;
				TARGETED_DEVICE_FAMILY = "1,2";
			};
			name = Debug;
		};
		B523E94029164B4F00180B36 /* Release */ = {
			isa = XCBuildConfiguration;
			buildSettings = {
				CLANG_CXX_LANGUAGE_STANDARD = "gnu++20";
				CODE_SIGN_ENTITLEMENTS = ShareExtension/ShareExtension.entitlements;
				CODE_SIGN_IDENTITY = "Apple Development";
				CODE_SIGN_STYLE = Automatic;
				CURRENT_PROJECT_VERSION = 1;
				DEVELOPMENT_TEAM = 67T366536F;
				GENERATE_INFOPLIST_FILE = YES;
				INFOPLIST_FILE = ShareExtension/Info.plist;
				INFOPLIST_KEY_CFBundleDisplayName = ShareExtension;
				INFOPLIST_KEY_NSHumanReadableCopyright = "";
				IPHONEOS_DEPLOYMENT_TARGET = 15.0;
				LD_RUNPATH_SEARCH_PATHS = (
					"$(inherited)",
					"@executable_path/Frameworks",
					"@executable_path/../../Frameworks",
				);
				MARKETING_VERSION = 0.1.0;
				PRODUCT_BUNDLE_IDENTIFIER = com.yhchen.Collection.ShareExtension;
				PRODUCT_NAME = "$(TARGET_NAME)";
				SKIP_INSTALL = YES;
				SWIFT_ACTIVE_COMPILATION_CONDITIONS = ShareExtension;
				SWIFT_EMIT_LOC_STRINGS = YES;
				SWIFT_VERSION = 5.0;
				TARGETED_DEVICE_FAMILY = "1,2";
			};
			name = Release;
		};
		B5E50E0B290BDF17006A7B22 /* Debug */ = {
			isa = XCBuildConfiguration;
			buildSettings = {
				ALWAYS_SEARCH_USER_PATHS = NO;
				CLANG_ANALYZER_NONNULL = YES;
				CLANG_ANALYZER_NUMBER_OBJECT_CONVERSION = YES_AGGRESSIVE;
				CLANG_CXX_LANGUAGE_STANDARD = "gnu++17";
				CLANG_ENABLE_MODULES = YES;
				CLANG_ENABLE_OBJC_ARC = YES;
				CLANG_ENABLE_OBJC_WEAK = YES;
				CLANG_WARN_BLOCK_CAPTURE_AUTORELEASING = YES;
				CLANG_WARN_BOOL_CONVERSION = YES;
				CLANG_WARN_COMMA = YES;
				CLANG_WARN_CONSTANT_CONVERSION = YES;
				CLANG_WARN_DEPRECATED_OBJC_IMPLEMENTATIONS = YES;
				CLANG_WARN_DIRECT_OBJC_ISA_USAGE = YES_ERROR;
				CLANG_WARN_DOCUMENTATION_COMMENTS = YES;
				CLANG_WARN_EMPTY_BODY = YES;
				CLANG_WARN_ENUM_CONVERSION = YES;
				CLANG_WARN_INFINITE_RECURSION = YES;
				CLANG_WARN_INT_CONVERSION = YES;
				CLANG_WARN_NON_LITERAL_NULL_CONVERSION = YES;
				CLANG_WARN_OBJC_IMPLICIT_RETAIN_SELF = YES;
				CLANG_WARN_OBJC_LITERAL_CONVERSION = YES;
				CLANG_WARN_OBJC_ROOT_CLASS = YES_ERROR;
				CLANG_WARN_QUOTED_INCLUDE_IN_FRAMEWORK_HEADER = YES;
				CLANG_WARN_RANGE_LOOP_ANALYSIS = YES;
				CLANG_WARN_STRICT_PROTOTYPES = YES;
				CLANG_WARN_SUSPICIOUS_MOVE = YES;
				CLANG_WARN_UNGUARDED_AVAILABILITY = YES_AGGRESSIVE;
				CLANG_WARN_UNREACHABLE_CODE = YES;
				CLANG_WARN__DUPLICATE_METHOD_MATCH = YES;
				COPY_PHASE_STRIP = NO;
				DEBUG_INFORMATION_FORMAT = dwarf;
				ENABLE_STRICT_OBJC_MSGSEND = YES;
				ENABLE_TESTABILITY = YES;
				GCC_C_LANGUAGE_STANDARD = gnu11;
				GCC_DYNAMIC_NO_PIC = NO;
				GCC_NO_COMMON_BLOCKS = YES;
				GCC_OPTIMIZATION_LEVEL = 0;
				GCC_PREPROCESSOR_DEFINITIONS = "DEBUG=1";
				GCC_WARN_64_TO_32_BIT_CONVERSION = YES;
				GCC_WARN_ABOUT_RETURN_TYPE = YES_ERROR;
				GCC_WARN_UNDECLARED_SELECTOR = YES;
				GCC_WARN_UNINITIALIZED_AUTOS = YES_AGGRESSIVE;
				GCC_WARN_UNUSED_FUNCTION = YES;
				GCC_WARN_UNUSED_VARIABLE = YES;
				IPHONEOS_DEPLOYMENT_TARGET = 15.0;
				MTL_ENABLE_DEBUG_INFO = INCLUDE_SOURCE;
				MTL_FAST_MATH = YES;
				ONLY_ACTIVE_ARCH = YES;
				SDKROOT = iphoneos;
				SWIFT_ACTIVE_COMPILATION_CONDITIONS = DEBUG;
				SWIFT_OPTIMIZATION_LEVEL = "-Onone";
			};
			name = Debug;
		};
		B5E50E0C290BDF17006A7B22 /* Release */ = {
			isa = XCBuildConfiguration;
			buildSettings = {
				ALWAYS_SEARCH_USER_PATHS = NO;
				CLANG_ANALYZER_NONNULL = YES;
				CLANG_ANALYZER_NUMBER_OBJECT_CONVERSION = YES_AGGRESSIVE;
				CLANG_CXX_LANGUAGE_STANDARD = "gnu++17";
				CLANG_ENABLE_MODULES = YES;
				CLANG_ENABLE_OBJC_ARC = YES;
				CLANG_ENABLE_OBJC_WEAK = YES;
				CLANG_WARN_BLOCK_CAPTURE_AUTORELEASING = YES;
				CLANG_WARN_BOOL_CONVERSION = YES;
				CLANG_WARN_COMMA = YES;
				CLANG_WARN_CONSTANT_CONVERSION = YES;
				CLANG_WARN_DEPRECATED_OBJC_IMPLEMENTATIONS = YES;
				CLANG_WARN_DIRECT_OBJC_ISA_USAGE = YES_ERROR;
				CLANG_WARN_DOCUMENTATION_COMMENTS = YES;
				CLANG_WARN_EMPTY_BODY = YES;
				CLANG_WARN_ENUM_CONVERSION = YES;
				CLANG_WARN_INFINITE_RECURSION = YES;
				CLANG_WARN_INT_CONVERSION = YES;
				CLANG_WARN_NON_LITERAL_NULL_CONVERSION = YES;
				CLANG_WARN_OBJC_IMPLICIT_RETAIN_SELF = YES;
				CLANG_WARN_OBJC_LITERAL_CONVERSION = YES;
				CLANG_WARN_OBJC_ROOT_CLASS = YES_ERROR;
				CLANG_WARN_QUOTED_INCLUDE_IN_FRAMEWORK_HEADER = YES;
				CLANG_WARN_RANGE_LOOP_ANALYSIS = YES;
				CLANG_WARN_STRICT_PROTOTYPES = YES;
				CLANG_WARN_SUSPICIOUS_MOVE = YES;
				CLANG_WARN_UNGUARDED_AVAILABILITY = YES_AGGRESSIVE;
				CLANG_WARN_UNREACHABLE_CODE = YES;
				CLANG_WARN__DUPLICATE_METHOD_MATCH = YES;
				COPY_PHASE_STRIP = NO;
				DEBUG_INFORMATION_FORMAT = "dwarf-with-dsym";
				ENABLE_NS_ASSERTIONS = NO;
				ENABLE_STRICT_OBJC_MSGSEND = YES;
				GCC_C_LANGUAGE_STANDARD = gnu11;
				GCC_NO_COMMON_BLOCKS = YES;
				GCC_PREPROCESSOR_DEFINITIONS = "";
				GCC_WARN_64_TO_32_BIT_CONVERSION = YES;
				GCC_WARN_ABOUT_RETURN_TYPE = YES_ERROR;
				GCC_WARN_UNDECLARED_SELECTOR = YES;
				GCC_WARN_UNINITIALIZED_AUTOS = YES_AGGRESSIVE;
				GCC_WARN_UNUSED_FUNCTION = YES;
				GCC_WARN_UNUSED_VARIABLE = YES;
				IPHONEOS_DEPLOYMENT_TARGET = 15.0;
				MTL_ENABLE_DEBUG_INFO = NO;
				MTL_FAST_MATH = YES;
				SDKROOT = iphoneos;
				SWIFT_COMPILATION_MODE = wholemodule;
				SWIFT_OPTIMIZATION_LEVEL = "-O";
				VALIDATE_PRODUCT = YES;
			};
			name = Release;
		};
		B5E50E0E290BDF17006A7B22 /* Debug */ = {
			isa = XCBuildConfiguration;
			buildSettings = {
				ALWAYS_EMBED_SWIFT_STANDARD_LIBRARIES = YES;
				ASSETCATALOG_COMPILER_APPICON_NAME = AppIcon;
				ASSETCATALOG_COMPILER_GLOBAL_ACCENT_COLOR_NAME = AccentColor;
				CODE_SIGN_ENTITLEMENTS = Collection/Resource/Collection.entitlements;
				CODE_SIGN_IDENTITY = "Apple Development";
				CODE_SIGN_STYLE = Automatic;
				CURRENT_PROJECT_VERSION = 1;
				DEVELOPMENT_TEAM = 67T366536F;
				GENERATE_INFOPLIST_FILE = YES;
				INFOPLIST_FILE = Collection/Info.plist;
				INFOPLIST_KEY_LSApplicationCategoryType = "public.app-category.productivity";
				INFOPLIST_KEY_NSCameraUsageDescription = "Enable camera usage to capture photos";
				INFOPLIST_KEY_NSMicrophoneUsageDescription = "Enable microphone usage to capture videos";
				INFOPLIST_KEY_UIApplicationSupportsIndirectInputEvents = YES;
				INFOPLIST_KEY_UILaunchStoryboardName = LaunchScreen;
				INFOPLIST_KEY_UIMainStoryboardFile = Main;
				INFOPLIST_KEY_UISupportedInterfaceOrientations = "";
				INFOPLIST_KEY_UISupportedInterfaceOrientations_iPad = "UIInterfaceOrientationPortrait UIInterfaceOrientationPortraitUpsideDown UIInterfaceOrientationLandscapeLeft UIInterfaceOrientationLandscapeRight";
				INFOPLIST_KEY_UISupportedInterfaceOrientations_iPhone = "UIInterfaceOrientationPortrait UIInterfaceOrientationLandscapeLeft UIInterfaceOrientationLandscapeRight";
				IPHONEOS_DEPLOYMENT_TARGET = 15.0;
				LD_RUNPATH_SEARCH_PATHS = (
					"$(inherited)",
					"@executable_path/Frameworks",
				);
				MARKETING_VERSION = 0.1.0;
				PRODUCT_BUNDLE_IDENTIFIER = com.yhchen.Collection;
				PRODUCT_NAME = "$(TARGET_NAME)";
				PROVISIONING_PROFILE_SPECIFIER = "";
				SWIFT_ACTIVE_COMPILATION_CONDITIONS = "DEBUG MainApp";
				SWIFT_EMIT_LOC_STRINGS = YES;
				SWIFT_VERSION = 5.0;
				TARGETED_DEVICE_FAMILY = "1,2";
			};
			name = Debug;
		};
		B5E50E0F290BDF17006A7B22 /* Release */ = {
			isa = XCBuildConfiguration;
			buildSettings = {
				ALWAYS_EMBED_SWIFT_STANDARD_LIBRARIES = YES;
				ASSETCATALOG_COMPILER_APPICON_NAME = AppIcon;
				ASSETCATALOG_COMPILER_GLOBAL_ACCENT_COLOR_NAME = AccentColor;
				CODE_SIGN_ENTITLEMENTS = Collection/Resource/Collection.entitlements;
				CODE_SIGN_IDENTITY = "Apple Development";
				CODE_SIGN_STYLE = Automatic;
				CURRENT_PROJECT_VERSION = 1;
				DEVELOPMENT_TEAM = 67T366536F;
				GENERATE_INFOPLIST_FILE = YES;
				INFOPLIST_FILE = Collection/Info.plist;
				INFOPLIST_KEY_LSApplicationCategoryType = "public.app-category.productivity";
				INFOPLIST_KEY_NSCameraUsageDescription = "Enable camera usage to capture photos";
				INFOPLIST_KEY_NSMicrophoneUsageDescription = "Enable microphone usage to capture videos";
				INFOPLIST_KEY_UIApplicationSupportsIndirectInputEvents = YES;
				INFOPLIST_KEY_UILaunchStoryboardName = LaunchScreen;
				INFOPLIST_KEY_UIMainStoryboardFile = Main;
				INFOPLIST_KEY_UISupportedInterfaceOrientations = "";
				INFOPLIST_KEY_UISupportedInterfaceOrientations_iPad = "UIInterfaceOrientationPortrait UIInterfaceOrientationPortraitUpsideDown UIInterfaceOrientationLandscapeLeft UIInterfaceOrientationLandscapeRight";
				INFOPLIST_KEY_UISupportedInterfaceOrientations_iPhone = "UIInterfaceOrientationPortrait UIInterfaceOrientationLandscapeLeft UIInterfaceOrientationLandscapeRight";
				IPHONEOS_DEPLOYMENT_TARGET = 15.0;
				LD_RUNPATH_SEARCH_PATHS = (
					"$(inherited)",
					"@executable_path/Frameworks",
				);
				MARKETING_VERSION = 0.1.0;
				PRODUCT_BUNDLE_IDENTIFIER = com.yhchen.Collection;
				PRODUCT_NAME = "$(TARGET_NAME)";
				PROVISIONING_PROFILE_SPECIFIER = "";
				SWIFT_ACTIVE_COMPILATION_CONDITIONS = MainApp;
				SWIFT_EMIT_LOC_STRINGS = YES;
				SWIFT_VERSION = 5.0;
				TARGETED_DEVICE_FAMILY = "1,2";
			};
			name = Release;
		};
/* End XCBuildConfiguration section */

/* Begin XCConfigurationList section */
		B523E93E29164B4F00180B36 /* Build configuration list for PBXNativeTarget "ShareExtension" */ = {
			isa = XCConfigurationList;
			buildConfigurations = (
				B523E93F29164B4F00180B36 /* Debug */,
				B523E94029164B4F00180B36 /* Release */,
			);
			defaultConfigurationIsVisible = 0;
			defaultConfigurationName = Release;
		};
		B5E50DF1290BDF16006A7B22 /* Build configuration list for PBXProject "Collection" */ = {
			isa = XCConfigurationList;
			buildConfigurations = (
				B5E50E0B290BDF17006A7B22 /* Debug */,
				B5E50E0C290BDF17006A7B22 /* Release */,
			);
			defaultConfigurationIsVisible = 0;
			defaultConfigurationName = Release;
		};
		B5E50E0D290BDF17006A7B22 /* Build configuration list for PBXNativeTarget "Collection" */ = {
			isa = XCConfigurationList;
			buildConfigurations = (
				B5E50E0E290BDF17006A7B22 /* Debug */,
				B5E50E0F290BDF17006A7B22 /* Release */,
			);
			defaultConfigurationIsVisible = 0;
			defaultConfigurationName = Release;
		};
/* End XCConfigurationList section */

/* Begin XCVersionGroup section */
		B5E50E02290BDF16006A7B22 /* Collection.xcdatamodeld */ = {
			isa = XCVersionGroup;
			children = (
				B5E50E03290BDF16006A7B22 /* Collection.xcdatamodel */,
			);
			currentVersion = B5E50E03290BDF16006A7B22 /* Collection.xcdatamodel */;
			path = Collection.xcdatamodeld;
			sourceTree = "<group>";
			versionGroupType = wrapper.xcdatamodel;
		};
/* End XCVersionGroup section */
	};
	rootObject = B5E50DEE290BDF16006A7B22 /* Project object */;
}
