{
  "pins" : [
    {
      "identity" : "iqkeyboardmanager",
      "kind" : "remoteSourceControl",
      "location" : "https://github.com/hackiftekhar/IQKeyboardManager.git",
      "state" : {
        "revision" : "9ab144a1a6c6ae8dad25840610c072709b15d8b5",
        "version" : "6.5.10"
      }
    },
    {
      "identity" : "lgsidemenucontroller",
      "kind" : "remoteSourceControl",
      "location" : "https://github.com/Friend-LGA/LGSideMenuController",
      "state" : {
        "revision" : "0bc42f704fb2b60cd54b13f813a0e4e6875f569a",
        "version" : "3.1.2"
      }
    },
    {
      "identity" : "progresshud",
      "kind" : "remoteSourceControl",
      "location" : "https://github.com/relatedcode/ProgressHUD",
      "state" : {
        "revision" : "22c3f83268b4c47b4623fe3a9701af7310fa8d8a",
        "version" : "13.6.1"
      }
    },
    {
      "identity" : "ttgtagcollectionview",
      "kind" : "remoteSourceControl",
      "location" : "git@github.com:zekunyan/TTGTagCollectionView.git",
      "state" : {
        "revision" : "8f05eded6a02086ac8a152e494c535bc4ccc23bc",
        "version" : "2.3.0"
      }
    }
  ],
  "version" : 2
}
